
Microsoft Visual Studio Solution File, Format Version 12.00
# Visual Studio 15
VisualStudioVersion = 15.0.27703.2042
MinimumVisualStudioVersion = 10.0.40219.1
Project("{FAE04EC0-301F-11D3-BF4B-00C04F79EFBC}") = "AplusLearning", "AplusLearning\AplusLearning.csproj", "{81CEB0C2-4339-45A7-8999-988A6FEB5599}"
EndProject
Global
	GlobalSection(SolutionConfigurationPlatforms) = preSolution
		Debug|Any CPU = Debug|Any CPU
		Release|Any CPU = Release|Any CPU
	EndGlobalSection
	GlobalSection(ProjectConfigurationPlatforms) = postSolution
		{81CEB0C2-4339-45A7-8999-988A6FEB5599}.Debug|Any CPU.ActiveCfg = Debug|Any CPU
		{81CEB0C2-4339-45A7-8999-988A6FEB5599}.Debug|Any CPU.Build.0 = Debug|Any CPU
		{81CEB0C2-4339-45A7-8999-988A6FEB5599}.Release|Any CPU.ActiveCfg = Release|Any CPU
		{81CEB0C2-4339-45A7-8999-988A6FEB5599}.Release|Any CPU.Build.0 = Release|Any CPU
	EndGlobalSection
	GlobalSection(SolutionProperties) = preSolution
		HideSolutionNode = FALSE
	EndGlobalSection
	GlobalSection(ExtensibilityGlobals) = postSolution
		SolutionGuid = {87BC8429-DDC5-4DDB-81E1-9EECA4711EFF}
	EndGlobalSection
EndGlobal
